Microsoft Visual Studio Solution File, Format Version 12.00
# Visual Studio Version 16
VisualStudioVersion = 16.0.30114.105
MinimumVisualStudioVersion = 10.0.40219.1
Project("{9A19103F-16F7-4668-BE54-9A1E7A4F7556}") = "Cats", "Cats\Cats.csproj", "{AB521E06-B253-404F-BDF9-276FAC56FF2C}"
EndProject
Project("{FAE04EC0-301F-11D3-BF4B-00C04F79EFBC}") = "CatTests", "CatTests\CatTests.csproj", "{F4C3A6FF-6608-4C9F-9F4A-08B02F70AC2E}"
EndProject
Global
	GlobalSection(SolutionConfigurationPlatforms) = preSolution
		Debug|Any CPU = Debug|Any CPU
		Release|Any CPU = Release|Any CPU
	EndGlobalSection
	GlobalSection(ProjectConfigurationPlatforms) = postSolution
		{AB521E06-B253-404F-BDF9-276FAC56FF2C}.Debug|Any CPU.ActiveCfg = Debug|Any CPU
		{AB521E06-B253-404F-BDF9-276FAC56FF2C}.Debug|Any CPU.Build.0 = Debug|Any CPU
		{AB521E06-B253-404F-BDF9-276FAC56FF2C}.Release|Any CPU.ActiveCfg = Release|Any CPU
		{AB521E06-B253-404F-BDF9-276FAC56FF2C}.Release|Any CPU.Build.0 = Release|Any CPU
		{F4C3A6FF-6608-4C9F-9F4A-08B02F70AC2E}.Debug|Any CPU.ActiveCfg = Debug|Any CPU
		{F4C3A6FF-6608-4C9F-9F4A-08B02F70AC2E}.Debug|Any CPU.Build.0 = Debug|Any CPU
		{F4C3A6FF-6608-4C9F-9F4A-08B02F70AC2E}.Release|Any CPU.ActiveCfg = Release|Any CPU
		{F4C3A6FF-6608-4C9F-9F4A-08B02F70AC2E}.Release|Any CPU.Build.0 = Release|Any CPU
	EndGlobalSection
	GlobalSection(SolutionProperties) = preSolution
		HideSolutionNode = FALSE
	EndGlobalSection
	GlobalSection(ExtensibilityGlobals) = postSolution
		SolutionGuid = {77606D20-C227-4176-8DE2-C7CF692BF8E0}
	EndGlobalSection
EndGlobal
